version = 1
revision = 1
requires-python = ">=3.12"

[[package]]
name = "cfgv"
version = "3.4.0"
source = { registry = "https://pypi.org/simple" }
sdist = { url = "https://files.pythonhosted.org/packages/11/74/539e56497d9bd1d484fd863dd69cbbfa653cd2aa27abfe35653494d85e94/cfgv-3.4.0.tar.gz", hash = "sha256:e52591d4c5f5dead8e0f673fb16db7949d2cfb3f7da4582893288f0ded8fe560", size = 7114 }
wheels = [
    { url = "https://files.pythonhosted.org/packages/c5/55/51844dd50c4fc7a33b653bfaba4c2456f06955289ca770a5dbd5fd267374/cfgv-3.4.0-py2.py3-none-any.whl", hash = "sha256:b7265b1f29fd3316bfcd2b330d63d024f2bfd8bcb8b0272f8e19a504856c48f9", size = 7249 },
]

[[package]]
name = "colorama"
version = "0.4.6"
source = { registry = "https://pypi.org/simple" }
sdist = { url = "https://files.pythonhosted.org/packages/d8/53/6f443c9a4a8358a93a6792e2acffb9d9d5cb0a5cfd8802644b7b1c9a02e4/colorama-0.4.6.tar.gz", hash = "sha256:08695f5cb7ed6e0531a20572697297273c47b8cae5a63ffc6d6ed5c201be6e44", size = 27697 }
wheels = [
    { url = "https://files.pythonhosted.org/packages/d1/d6/3965ed04c63042e047cb6a3e6ed1a63a35087b6a609aa3a15ed8ac56c221/colorama-0.4.6-py2.py3-none-any.whl", hash = "sha256:4f1d9991f5acc0ca119f9d443620b77f9d6b33703e51011c16baf57afb285fc6", size = 25335 },
]

[[package]]
name = "distlib"
version = "0.3.9"
source = { registry = "https://pypi.org/simple" }
sdist = { url = "https://files.pythonhosted.org/packages/0d/dd/1bec4c5ddb504ca60fc29472f3d27e8d4da1257a854e1d96742f15c1d02d/distlib-0.3.9.tar.gz", hash = "sha256:a60f20dea646b8a33f3e7772f74dc0b2d0772d2837ee1342a00645c81edf9403", size = 613923 }
wheels = [
    { url = "https://files.pythonhosted.org/packages/91/a1/cf2472db20f7ce4a6be1253a81cfdf85ad9c7885ffbed7047fb72c24cf87/distlib-0.3.9-py2.py3-none-any.whl", hash = "sha256:47f8c22fd27c27e25a65601af709b38e4f0a45ea4fc2e710f65755fa8caaaf87", size = 468973 },
]

[[package]]
name = "filelock"
version = "3.18.0"
source = { registry = "https://pypi.org/simple" }
sdist = { url = "https://files.pythonhosted.org/packages/0a/10/c23352565a6544bdc5353e0b15fc1c563352101f30e24bf500207a54df9a/filelock-3.18.0.tar.gz", hash = "sha256:adbc88eabb99d2fec8c9c1b229b171f18afa655400173ddc653d5d01501fb9f2", size = 18075 }
wheels = [
    { url = "https://files.pythonhosted.org/packages/4d/36/2a115987e2d8c300a974597416d9de88f2444426de9571f4b59b2cca3acc/filelock-3.18.0-py3-none-any.whl", hash = "sha256:c401f4f8377c4464e6db25fff06205fd89bdd83b65eb0488ed1b160f780e21de", size = 16215 },
]

[[package]]
name = "identify"
version = "2.6.9"
source = { registry = "https://pypi.org/simple" }
sdist = { url = "https://files.pythonhosted.org/packages/9b/98/a71ab060daec766acc30fb47dfca219d03de34a70d616a79a38c6066c5bf/identify-2.6.9.tar.gz", hash = "sha256:d40dfe3142a1421d8518e3d3985ef5ac42890683e32306ad614a29490abeb6bf", size = 99249 }
wheels = [
    { url = "https://files.pythonhosted.org/packages/07/ce/0845144ed1f0e25db5e7a79c2354c1da4b5ce392b8966449d5db8dca18f1/identify-2.6.9-py2.py3-none-any.whl", hash = "sha256:c98b4322da415a8e5a70ff6e51fbc2d2932c015532d77e9f8537b4ba7813b150", size = 99101 },
]

[[package]]
name = "jinja2"
version = "3.1.6"
source = { registry = "https://pypi.org/simple" }
dependencies = [
    { name = "markupsafe" },
]
sdist = { url = "https://files.pythonhosted.org/packages/df/bf/f7da0350254c0ed7c72f3e33cef02e048281fec7ecec5f032d4aac52226b/jinja2-3.1.6.tar.gz", hash = "sha256:0137fb05990d35f1275a587e9aee6d56da821fc83491a0fb838183be43f66d6d", size = 245115 }
wheels = [
    { url = "https://files.pythonhosted.org/packages/62/a1/3d680cbfd5f4b8f15abc1d571870c5fc3e594bb582bc3b64ea099db13e56/jinja2-3.1.6-py3-none-any.whl", hash = "sha256:85ece4451f492d0c13c5dd7c13a64681a86afae63a5f347908daf103ce6d2f67", size = 134899 },
]

[[package]]
name = "loguru"
version = "0.7.3"
source = { registry = "https://pypi.org/simple" }
dependencies = [
    { name = "colorama", marker = "sys_platform == 'win32'" },
    { name = "win32-setctime", marker = "sys_platform == 'win32'" },
]
sdist = { url = "https://files.pythonhosted.org/packages/3a/05/a1dae3dffd1116099471c643b8924f5aa6524411dc6c63fdae648c4f1aca/loguru-0.7.3.tar.gz", hash = "sha256:19480589e77d47b8d85b2c827ad95d49bf31b0dcde16593892eb51dd18706eb6", size = 63559 }
wheels = [
    { url = "https://files.pythonhosted.org/packages/0c/29/0348de65b8cc732daa3e33e67806420b2ae89bdce2b04af740289c5c6c8c/loguru-0.7.3-py3-none-any.whl", hash = "sha256:31a33c10c8e1e10422bfd431aeb5d351c7cf7fa671e3c4df004162264b28220c", size = 61595 },
]

[[package]]
name = "markupsafe"
version = "3.0.2"
source = { registry = "https://pypi.org/simple" }
sdist = { url = "https://files.pythonhosted.org/packages/b2/97/5d42485e71dfc078108a86d6de8fa46db44a1a9295e89c5d6d4a06e23a62/markupsafe-3.0.2.tar.gz", hash = "sha256:ee55d3edf80167e48ea11a923c7386f4669df67d7994554387f84e7d8b0a2bf0", size = 20537 }
wheels = [
    { url = "https://files.pythonhosted.org/packages/22/09/d1f21434c97fc42f09d290cbb6350d44eb12f09cc62c9476effdb33a18aa/MarkupSafe-3.0.2-cp312-cp312-macosx_10_13_universal2.whl", hash = "sha256:9778bd8ab0a994ebf6f84c2b949e65736d5575320a17ae8984a77fab08db94cf", size = 14274 },
    { url = "https://files.pythonhosted.org/packages/6b/b0/18f76bba336fa5aecf79d45dcd6c806c280ec44538b3c13671d49099fdd0/MarkupSafe-3.0.2-cp312-cp312-macosx_11_0_arm64.whl", hash = "sha256:846ade7b71e3536c4e56b386c2a47adf5741d2d8b94ec9dc3e92e5e1ee1e2225", size = 12348 },
    { url = "https://files.pythonhosted.org/packages/e0/25/dd5c0f6ac1311e9b40f4af06c78efde0f3b5cbf02502f8ef9501294c425b/MarkupSafe-3.0.2-cp312-cp312-manylinux_2_17_aarch64.manylinux2014_aarch64.whl", hash = "sha256:1c99d261bd2d5f6b59325c92c73df481e05e57f19837bdca8413b9eac4bd8028", size = 24149 },
    { url = "https://files.pythonhosted.org/packages/f3/f0/89e7aadfb3749d0f52234a0c8c7867877876e0a20b60e2188e9850794c17/MarkupSafe-3.0.2-cp312-cp312-manylinux_2_17_x86_64.manylinux2014_x86_64.whl", hash = "sha256:e17c96c14e19278594aa4841ec148115f9c7615a47382ecb6b82bd8fea3ab0c8", size = 23118 },
    { url = "https://files.pythonhosted.org/packages/d5/da/f2eeb64c723f5e3777bc081da884b414671982008c47dcc1873d81f625b6/MarkupSafe-3.0.2-cp312-cp312-manylinux_2_5_i686.manylinux1_i686.manylinux_2_17_i686.manylinux2014_i686.whl", hash = "sha256:88416bd1e65dcea10bc7569faacb2c20ce071dd1f87539ca2ab364bf6231393c", size = 22993 },
    { url = "https://files.pythonhosted.org/packages/da/0e/1f32af846df486dce7c227fe0f2398dc7e2e51d4a370508281f3c1c5cddc/MarkupSafe-3.0.2-cp312-cp312-musllinux_1_2_aarch64.whl", hash = "sha256:2181e67807fc2fa785d0592dc2d6206c019b9502410671cc905d132a92866557", size = 24178 },
    { url = "https://files.pythonhosted.org/packages/c4/f6/bb3ca0532de8086cbff5f06d137064c8410d10779c4c127e0e47d17c0b71/MarkupSafe-3.0.2-cp312-cp312-musllinux_1_2_i686.whl", hash = "sha256:52305740fe773d09cffb16f8ed0427942901f00adedac82ec8b67752f58a1b22", size = 23319 },
    { url = "https://files.pythonhosted.org/packages/a2/82/8be4c96ffee03c5b4a034e60a31294daf481e12c7c43ab8e34a1453ee48b/MarkupSafe-3.0.2-cp312-cp312-musllinux_1_2_x86_64.whl", hash = "sha256:ad10d3ded218f1039f11a75f8091880239651b52e9bb592ca27de44eed242a48", size = 23352 },
    { url = "https://files.pythonhosted.org/packages/51/ae/97827349d3fcffee7e184bdf7f41cd6b88d9919c80f0263ba7acd1bbcb18/MarkupSafe-3.0.2-cp312-cp312-win32.whl", hash = "sha256:0f4ca02bea9a23221c0182836703cbf8930c5e9454bacce27e767509fa286a30", size = 15097 },
    { url = "https://files.pythonhosted.org/packages/c1/80/a61f99dc3a936413c3ee4e1eecac96c0da5ed07ad56fd975f1a9da5bc630/MarkupSafe-3.0.2-cp312-cp312-win_amd64.whl", hash = "sha256:8e06879fc22a25ca47312fbe7c8264eb0b662f6db27cb2d3bbbc74b1df4b9b87", size = 15601 },
    { url = "https://files.pythonhosted.org/packages/83/0e/67eb10a7ecc77a0c2bbe2b0235765b98d164d81600746914bebada795e97/MarkupSafe-3.0.2-cp313-cp313-macosx_10_13_universal2.whl", hash = "sha256:ba9527cdd4c926ed0760bc301f6728ef34d841f405abf9d4f959c478421e4efd", size = 14274 },
    { url = "https://files.pythonhosted.org/packages/2b/6d/9409f3684d3335375d04e5f05744dfe7e9f120062c9857df4ab490a1031a/MarkupSafe-3.0.2-cp313-cp313-macosx_11_0_arm64.whl", hash = "sha256:f8b3d067f2e40fe93e1ccdd6b2e1d16c43140e76f02fb1319a05cf2b79d99430", size = 12352 },
    { url = "https://files.pythonhosted.org/packages/d2/f5/6eadfcd3885ea85fe2a7c128315cc1bb7241e1987443d78c8fe712d03091/MarkupSafe-3.0.2-cp313-cp313-manylinux_2_17_aarch64.manylinux2014_aarch64.whl", hash = "sha256:569511d3b58c8791ab4c2e1285575265991e6d8f8700c7be0e88f86cb0672094", size = 24122 },
    { url = "https://files.pythonhosted.org/packages/0c/91/96cf928db8236f1bfab6ce15ad070dfdd02ed88261c2afafd4b43575e9e9/MarkupSafe-3.0.2-cp313-cp313-manylinux_2_17_x86_64.manylinux2014_x86_64.whl", hash = "sha256:15ab75ef81add55874e7ab7055e9c397312385bd9ced94920f2802310c930396", size = 23085 },
    { url = "https://files.pythonhosted.org/packages/c2/cf/c9d56af24d56ea04daae7ac0940232d31d5a8354f2b457c6d856b2057d69/MarkupSafe-3.0.2-cp313-cp313-manylinux_2_5_i686.manylinux1_i686.manylinux_2_17_i686.manylinux2014_i686.whl", hash = "sha256:f3818cb119498c0678015754eba762e0d61e5b52d34c8b13d770f0719f7b1d79", size = 22978 },
    { url = "https://files.pythonhosted.org/packages/2a/9f/8619835cd6a711d6272d62abb78c033bda638fdc54c4e7f4272cf1c0962b/MarkupSafe-3.0.2-cp313-cp313-musllinux_1_2_aarch64.whl", hash = "sha256:cdb82a876c47801bb54a690c5ae105a46b392ac6099881cdfb9f6e95e4014c6a", size = 24208 },
    { url = "https://files.pythonhosted.org/packages/f9/bf/176950a1792b2cd2102b8ffeb5133e1ed984547b75db47c25a67d3359f77/MarkupSafe-3.0.2-cp313-cp313-musllinux_1_2_i686.whl", hash = "sha256:cabc348d87e913db6ab4aa100f01b08f481097838bdddf7c7a84b7575b7309ca", size = 23357 },
    { url = "https://files.pythonhosted.org/packages/ce/4f/9a02c1d335caabe5c4efb90e1b6e8ee944aa245c1aaaab8e8a618987d816/MarkupSafe-3.0.2-cp313-cp313-musllinux_1_2_x86_64.whl", hash = "sha256:444dcda765c8a838eaae23112db52f1efaf750daddb2d9ca300bcae1039adc5c", size = 23344 },
    { url = "https://files.pythonhosted.org/packages/ee/55/c271b57db36f748f0e04a759ace9f8f759ccf22b4960c270c78a394f58be/MarkupSafe-3.0.2-cp313-cp313-win32.whl", hash = "sha256:bcf3e58998965654fdaff38e58584d8937aa3096ab5354d493c77d1fdd66d7a1", size = 15101 },
    { url = "https://files.pythonhosted.org/packages/29/88/07df22d2dd4df40aba9f3e402e6dc1b8ee86297dddbad4872bd5e7b0094f/MarkupSafe-3.0.2-cp313-cp313-win_amd64.whl", hash = "sha256:e6a2a455bd412959b57a172ce6328d2dd1f01cb2135efda2e4576e8a23fa3b0f", size = 15603 },
    { url = "https://files.pythonhosted.org/packages/62/6a/8b89d24db2d32d433dffcd6a8779159da109842434f1dd2f6e71f32f738c/MarkupSafe-3.0.2-cp313-cp313t-macosx_10_13_universal2.whl", hash = "sha256:b5a6b3ada725cea8a5e634536b1b01c30bcdcd7f9c6fff4151548d5bf6b3a36c", size = 14510 },
    { url = "https://files.pythonhosted.org/packages/7a/06/a10f955f70a2e5a9bf78d11a161029d278eeacbd35ef806c3fd17b13060d/MarkupSafe-3.0.2-cp313-cp313t-macosx_11_0_arm64.whl", hash = "sha256:a904af0a6162c73e3edcb969eeeb53a63ceeb5d8cf642fade7d39e7963a22ddb", size = 12486 },
    { url = "https://files.pythonhosted.org/packages/34/cf/65d4a571869a1a9078198ca28f39fba5fbb910f952f9dbc5220afff9f5e6/MarkupSafe-3.0.2-cp313-cp313t-manylinux_2_17_aarch64.manylinux2014_aarch64.whl", hash = "sha256:4aa4e5faecf353ed117801a068ebab7b7e09ffb6e1d5e412dc852e0da018126c", size = 25480 },
    { url = "https://files.pythonhosted.org/packages/0c/e3/90e9651924c430b885468b56b3d597cabf6d72be4b24a0acd1fa0e12af67/MarkupSafe-3.0.2-cp313-cp313t-manylinux_2_17_x86_64.manylinux2014_x86_64.whl", hash = "sha256:c0ef13eaeee5b615fb07c9a7dadb38eac06a0608b41570d8ade51c56539e509d", size = 23914 },
    { url = "https://files.pythonhosted.org/packages/66/8c/6c7cf61f95d63bb866db39085150df1f2a5bd3335298f14a66b48e92659c/MarkupSafe-3.0.2-cp313-cp313t-manylinux_2_5_i686.manylinux1_i686.manylinux_2_17_i686.manylinux2014_i686.whl", hash = "sha256:d16a81a06776313e817c951135cf7340a3e91e8c1ff2fac444cfd75fffa04afe", size = 23796 },
    { url = "https://files.pythonhosted.org/packages/bb/35/cbe9238ec3f47ac9a7c8b3df7a808e7cb50fe149dc7039f5f454b3fba218/MarkupSafe-3.0.2-cp313-cp313t-musllinux_1_2_aarch64.whl", hash = "sha256:6381026f158fdb7c72a168278597a5e3a5222e83ea18f543112b2662a9b699c5", size = 25473 },
    { url = "https://files.pythonhosted.org/packages/e6/32/7621a4382488aa283cc05e8984a9c219abad3bca087be9ec77e89939ded9/MarkupSafe-3.0.2-cp313-cp313t-musllinux_1_2_i686.whl", hash = "sha256:3d79d162e7be8f996986c064d1c7c817f6df3a77fe3d6859f6f9e7be4b8c213a", size = 24114 },
    { url = "https://files.pythonhosted.org/packages/0d/80/0985960e4b89922cb5a0bac0ed39c5b96cbc1a536a99f30e8c220a996ed9/MarkupSafe-3.0.2-cp313-cp313t-musllinux_1_2_x86_64.whl", hash = "sha256:131a3c7689c85f5ad20f9f6fb1b866f402c445b220c19fe4308c0b147ccd2ad9", size = 24098 },
    { url = "https://files.pythonhosted.org/packages/82/78/fedb03c7d5380df2427038ec8d973587e90561b2d90cd472ce9254cf348b/MarkupSafe-3.0.2-cp313-cp313t-win32.whl", hash = "sha256:ba8062ed2cf21c07a9e295d5b8a2a5ce678b913b45fdf68c32d95d6c1291e0b6", size = 15208 },
    { url = "https://files.pythonhosted.org/packages/4f/65/6079a46068dfceaeabb5dcad6d674f5f5c61a6fa5673746f42a9f4c233b3/MarkupSafe-3.0.2-cp313-cp313t-win_amd64.whl", hash = "sha256:e444a31f8db13eb18ada366ab3cf45fd4b31e4db1236a4448f68778c1d1a5a2f", size = 15739 },
]

[[package]]
name = "nodeenv"
version = "1.9.1"
source = { registry = "https://pypi.org/simple" }
sdist = { url = "https://files.pythonhosted.org/packages/43/16/fc88b08840de0e0a72a2f9d8c6bae36be573e475a6326ae854bcc549fc45/nodeenv-1.9.1.tar.gz", hash = "sha256:6ec12890a2dab7946721edbfbcd91f3319c6ccc9aec47be7c7e6b7011ee6645f", size = 47437 }
wheels = [
    { url = "https://files.pythonhosted.org/packages/d2/1d/1b658dbd2b9fa9c4c9f32accbfc0205d532c8c6194dc0f2a4c0428e7128a/nodeenv-1.9.1-py2.py3-none-any.whl", hash = "sha256:ba11c9782d29c27c70ffbdda2d7415098754709be8a7056d79a737cd901155c9", size = 22314 },
]

[[package]]
name = "platformdirs"
version = "4.3.7"
source = { registry = "https://pypi.org/simple" }
sdist = { url = "https://files.pythonhosted.org/packages/b6/2d/7d512a3913d60623e7eb945c6d1b4f0bddf1d0b7ada5225274c87e5b53d1/platformdirs-4.3.7.tar.gz", hash = "sha256:eb437d586b6a0986388f0d6f74aa0cde27b48d0e3d66843640bfb6bdcdb6e351", size = 21291 }
wheels = [
    { url = "https://files.pythonhosted.org/packages/6d/45/59578566b3275b8fd9157885918fcd0c4d74162928a5310926887b856a51/platformdirs-4.3.7-py3-none-any.whl", hash = "sha256:a03875334331946f13c549dbd8f4bac7a13a50a895a0eb1e8c6a8ace80d40a94", size = 18499 },
]

[[package]]
name = "pre-commit"
version = "4.2.0"
source = { registry = "https://pypi.org/simple" }
dependencies = [
    { name = "cfgv" },
    { name = "identify" },
    { name = "nodeenv" },
    { name = "pyyaml" },
    { name = "virtualenv" },
]
sdist = { url = "https://files.pythonhosted.org/packages/08/39/679ca9b26c7bb2999ff122d50faa301e49af82ca9c066ec061cfbc0c6784/pre_commit-4.2.0.tar.gz", hash = "sha256:601283b9757afd87d40c4c4a9b2b5de9637a8ea02eaff7adc2d0fb4e04841146", size = 193424 }
wheels = [
    { url = "https://files.pythonhosted.org/packages/88/74/a88bf1b1efeae488a0c0b7bdf71429c313722d1fc0f377537fbe554e6180/pre_commit-4.2.0-py2.py3-none-any.whl", hash = "sha256:a009ca7205f1eb497d10b845e52c838a98b6cdd2102a6c8e4540e94ee75c58bd", size = 220707 },
]

[[package]]
name = "pyyaml"
version = "6.0.2"
source = { registry = "https://pypi.org/simple" }
sdist = { url = "https://files.pythonhosted.org/packages/54/ed/79a089b6be93607fa5cdaedf301d7dfb23af5f25c398d5ead2525b063e17/pyyaml-6.0.2.tar.gz", hash = "sha256:d584d9ec91ad65861cc08d42e834324ef890a082e591037abe114850ff7bbc3e", size = 130631 }
wheels = [
    { url = "https://files.pythonhosted.org/packages/86/0c/c581167fc46d6d6d7ddcfb8c843a4de25bdd27e4466938109ca68492292c/PyYAML-6.0.2-cp312-cp312-macosx_10_9_x86_64.whl", hash = "sha256:c70c95198c015b85feafc136515252a261a84561b7b1d51e3384e0655ddf25ab", size = 183873 },
    { url = "https://files.pythonhosted.org/packages/a8/0c/38374f5bb272c051e2a69281d71cba6fdb983413e6758b84482905e29a5d/PyYAML-6.0.2-cp312-cp312-macosx_11_0_arm64.whl", hash = "sha256:ce826d6ef20b1bc864f0a68340c8b3287705cae2f8b4b1d932177dcc76721725", size = 173302 },
    { url = "https://files.pythonhosted.org/packages/c3/93/9916574aa8c00aa06bbac729972eb1071d002b8e158bd0e83a3b9a20a1f7/PyYAML-6.0.2-cp312-cp312-manylinux_2_17_aarch64.manylinux2014_aarch64.whl", hash = "sha256:1f71ea527786de97d1a0cc0eacd1defc0985dcf6b3f17bb77dcfc8c34bec4dc5", size = 739154 },
    { url = "https://files.pythonhosted.org/packages/95/0f/b8938f1cbd09739c6da569d172531567dbcc9789e0029aa070856f123984/PyYAML-6.0.2-cp312-cp312-manylinux_2_17_s390x.manylinux2014_s390x.whl", hash = "sha256:9b22676e8097e9e22e36d6b7bda33190d0d400f345f23d4065d48f4ca7ae0425", size = 766223 },
    { url = "https://files.pythonhosted.org/packages/b9/2b/614b4752f2e127db5cc206abc23a8c19678e92b23c3db30fc86ab731d3bd/PyYAML-6.0.2-cp312-cp312-manylinux_2_17_x86_64.manylinux2014_x86_64.whl", hash = "sha256:80bab7bfc629882493af4aa31a4cfa43a4c57c83813253626916b8c7ada83476", size = 767542 },
    { url = "https://files.pythonhosted.org/packages/d4/00/dd137d5bcc7efea1836d6264f049359861cf548469d18da90cd8216cf05f/PyYAML-6.0.2-cp312-cp312-musllinux_1_1_aarch64.whl", hash = "sha256:0833f8694549e586547b576dcfaba4a6b55b9e96098b36cdc7ebefe667dfed48", size = 731164 },
    { url = "https://files.pythonhosted.org/packages/c9/1f/4f998c900485e5c0ef43838363ba4a9723ac0ad73a9dc42068b12aaba4e4/PyYAML-6.0.2-cp312-cp312-musllinux_1_1_x86_64.whl", hash = "sha256:8b9c7197f7cb2738065c481a0461e50ad02f18c78cd75775628afb4d7137fb3b", size = 756611 },
    { url = "https://files.pythonhosted.org/packages/df/d1/f5a275fdb252768b7a11ec63585bc38d0e87c9e05668a139fea92b80634c/PyYAML-6.0.2-cp312-cp312-win32.whl", hash = "sha256:ef6107725bd54b262d6dedcc2af448a266975032bc85ef0172c5f059da6325b4", size = 140591 },
    { url = "https://files.pythonhosted.org/packages/0c/e8/4f648c598b17c3d06e8753d7d13d57542b30d56e6c2dedf9c331ae56312e/PyYAML-6.0.2-cp312-cp312-win_amd64.whl", hash = "sha256:7e7401d0de89a9a855c839bc697c079a4af81cf878373abd7dc625847d25cbd8", size = 156338 },
    { url = "https://files.pythonhosted.org/packages/ef/e3/3af305b830494fa85d95f6d95ef7fa73f2ee1cc8ef5b495c7c3269fb835f/PyYAML-6.0.2-cp313-cp313-macosx_10_13_x86_64.whl", hash = "sha256:efdca5630322a10774e8e98e1af481aad470dd62c3170801852d752aa7a783ba", size = 181309 },
    { url = "https://files.pythonhosted.org/packages/45/9f/3b1c20a0b7a3200524eb0076cc027a970d320bd3a6592873c85c92a08731/PyYAML-6.0.2-cp313-cp313-macosx_11_0_arm64.whl", hash = "sha256:50187695423ffe49e2deacb8cd10510bc361faac997de9efef88badc3bb9e2d1", size = 171679 },
    { url = "https://files.pythonhosted.org/packages/7c/9a/337322f27005c33bcb656c655fa78325b730324c78620e8328ae28b64d0c/PyYAML-6.0.2-cp313-cp313-manylinux_2_17_aarch64.manylinux2014_aarch64.whl", hash = "sha256:0ffe8360bab4910ef1b9e87fb812d8bc0a308b0d0eef8c8f44e0254ab3b07133", size = 733428 },
    { url = "https://files.pythonhosted.org/packages/a3/69/864fbe19e6c18ea3cc196cbe5d392175b4cf3d5d0ac1403ec3f2d237ebb5/PyYAML-6.0.2-cp313-cp313-manylinux_2_17_s390x.manylinux2014_s390x.whl", hash = "sha256:17e311b6c678207928d649faa7cb0d7b4c26a0ba73d41e99c4fff6b6c3276484", size = 763361 },
    { url = "https://files.pythonhosted.org/packages/04/24/b7721e4845c2f162d26f50521b825fb061bc0a5afcf9a386840f23ea19fa/PyYAML-6.0.2-cp313-cp313-manylinux_2_17_x86_64.manylinux2014_x86_64.whl", hash = "sha256:70b189594dbe54f75ab3a1acec5f1e3faa7e8cf2f1e08d9b561cb41b845f69d5", size = 759523 },
    { url = "https://files.pythonhosted.org/packages/2b/b2/e3234f59ba06559c6ff63c4e10baea10e5e7df868092bf9ab40e5b9c56b6/PyYAML-6.0.2-cp313-cp313-musllinux_1_1_aarch64.whl", hash = "sha256:41e4e3953a79407c794916fa277a82531dd93aad34e29c2a514c2c0c5fe971cc", size = 726660 },
    { url = "https://files.pythonhosted.org/packages/fe/0f/25911a9f080464c59fab9027482f822b86bf0608957a5fcc6eaac85aa515/PyYAML-6.0.2-cp313-cp313-musllinux_1_1_x86_64.whl", hash = "sha256:68ccc6023a3400877818152ad9a1033e3db8625d899c72eacb5a668902e4d652", size = 751597 },
    { url = "https://files.pythonhosted.org/packages/14/0d/e2c3b43bbce3cf6bd97c840b46088a3031085179e596d4929729d8d68270/PyYAML-6.0.2-cp313-cp313-win32.whl", hash = "sha256:bc2fa7c6b47d6bc618dd7fb02ef6fdedb1090ec036abab80d4681424b84c1183", size = 140527 },
    { url = "https://files.pythonhosted.org/packages/fa/de/02b54f42487e3d3c6efb3f89428677074ca7bf43aae402517bc7cca949f3/PyYAML-6.0.2-cp313-cp313-win_amd64.whl", hash = "sha256:8388ee1976c416731879ac16da0aff3f63b286ffdd57cdeb95f3f2e085687563", size = 156446 },
]

[[package]]
name = "ruff"
version = "0.11.5"
source = { registry = "https://pypi.org/simple" }
sdist = { url = "https://files.pythonhosted.org/packages/45/71/5759b2a6b2279bb77fe15b1435b89473631c2cd6374d45ccdb6b785810be/ruff-0.11.5.tar.gz", hash = "sha256:cae2e2439cb88853e421901ec040a758960b576126dab520fa08e9de431d1bef", size = 3976488 }
wheels = [
    { url = "https://files.pythonhosted.org/packages/23/db/6efda6381778eec7f35875b5cbefd194904832a1153d68d36d6b269d81a8/ruff-0.11.5-py3-none-linux_armv6l.whl", hash = "sha256:2561294e108eb648e50f210671cc56aee590fb6167b594144401532138c66c7b", size = 10103150 },
    { url = "https://files.pythonhosted.org/packages/44/f2/06cd9006077a8db61956768bc200a8e52515bf33a8f9b671ee527bb10d77/ruff-0.11.5-py3-none-macosx_10_12_x86_64.whl", hash = "sha256:ac12884b9e005c12d0bd121f56ccf8033e1614f736f766c118ad60780882a077", size = 10898637 },
    { url = "https://files.pythonhosted.org/packages/18/f5/af390a013c56022fe6f72b95c86eb7b2585c89cc25d63882d3bfe411ecf1/ruff-0.11.5-py3-none-macosx_11_0_arm64.whl", hash = "sha256:4bfd80a6ec559a5eeb96c33f832418bf0fb96752de0539905cf7b0cc1d31d779", size = 10236012 },
    { url = "https://files.pythonhosted.org/packages/b8/ca/b9bf954cfed165e1a0c24b86305d5c8ea75def256707f2448439ac5e0d8b/ruff-0.11.5-py3-none-manylinux_2_17_aarch64.manylinux2014_aarch64.whl", hash = "sha256:0947c0a1afa75dcb5db4b34b070ec2bccee869d40e6cc8ab25aca11a7d527794", size = 10415338 },
    { url = "https://files.pythonhosted.org/packages/d9/4d/2522dde4e790f1b59885283f8786ab0046958dfd39959c81acc75d347467/ruff-0.11.5-py3-none-manylinux_2_17_armv7l.manylinux2014_armv7l.whl", hash = "sha256:ad871ff74b5ec9caa66cb725b85d4ef89b53f8170f47c3406e32ef040400b038", size = 9965277 },
    { url = "https://files.pythonhosted.org/packages/e5/7a/749f56f150eef71ce2f626a2f6988446c620af2f9ba2a7804295ca450397/ruff-0.11.5-py3-none-manylinux_2_17_i686.manylinux2014_i686.whl", hash = "sha256:e6cf918390cfe46d240732d4d72fa6e18e528ca1f60e318a10835cf2fa3dc19f", size = 11541614 },
    { url = "https://files.pythonhosted.org/packages/89/b2/7d9b8435222485b6aac627d9c29793ba89be40b5de11584ca604b829e960/ruff-0.11.5-py3-none-manylinux_2_17_ppc64.manylinux2014_ppc64.whl", hash = "sha256:56145ee1478582f61c08f21076dc59153310d606ad663acc00ea3ab5b2125f82", size = 12198873 },
    { url = "https://files.pythonhosted.org/packages/00/e0/a1a69ef5ffb5c5f9c31554b27e030a9c468fc6f57055886d27d316dfbabd/ruff-0.11.5-py3-none-manylinux_2_17_ppc64le.manylinux2014_ppc64le.whl", hash = "sha256:e5f66f8f1e8c9fc594cbd66fbc5f246a8d91f916cb9667e80208663ec3728304", size = 11670190 },
    { url = "https://files.pythonhosted.org/packages/05/61/c1c16df6e92975072c07f8b20dad35cd858e8462b8865bc856fe5d6ccb63/ruff-0.11.5-py3-none-manylinux_2_17_s390x.manylinux2014_s390x.whl", hash = "sha256:80b4df4d335a80315ab9afc81ed1cff62be112bd165e162b5eed8ac55bfc8470", size = 13902301 },
    { url = "https://files.pythonhosted.org/packages/79/89/0af10c8af4363304fd8cb833bd407a2850c760b71edf742c18d5a87bb3ad/ruff-0.11.5-py3-none-manylinux_2_17_x86_64.manylinux2014_x86_64.whl", hash = "sha256:3068befab73620b8a0cc2431bd46b3cd619bc17d6f7695a3e1bb166b652c382a", size = 11350132 },
    { url = "https://files.pythonhosted.org/packages/b9/e1/ecb4c687cbf15164dd00e38cf62cbab238cad05dd8b6b0fc68b0c2785e15/ruff-0.11.5-py3-none-musllinux_1_2_aarch64.whl", hash = "sha256:f5da2e710a9641828e09aa98b92c9ebbc60518fdf3921241326ca3e8f8e55b8b", size = 10312937 },
    { url = "https://files.pythonhosted.org/packages/cf/4f/0e53fe5e500b65934500949361e3cd290c5ba60f0324ed59d15f46479c06/ruff-0.11.5-py3-none-musllinux_1_2_armv7l.whl", hash = "sha256:ef39f19cb8ec98cbc762344921e216f3857a06c47412030374fffd413fb8fd3a", size = 9936683 },
    { url = "https://files.pythonhosted.org/packages/04/a8/8183c4da6d35794ae7f76f96261ef5960853cd3f899c2671961f97a27d8e/ruff-0.11.5-py3-none-musllinux_1_2_i686.whl", hash = "sha256:b2a7cedf47244f431fd11aa5a7e2806dda2e0c365873bda7834e8f7d785ae159", size = 10950217 },
    { url = "https://files.pythonhosted.org/packages/26/88/9b85a5a8af21e46a0639b107fcf9bfc31da4f1d263f2fc7fbe7199b47f0a/ruff-0.11.5-py3-none-musllinux_1_2_x86_64.whl", hash = "sha256:81be52e7519f3d1a0beadcf8e974715b2dfc808ae8ec729ecfc79bddf8dbb783", size = 11404521 },
    { url = "https://files.pythonhosted.org/packages/fc/52/047f35d3b20fd1ae9ccfe28791ef0f3ca0ef0b3e6c1a58badd97d450131b/ruff-0.11.5-py3-none-win32.whl", hash = "sha256:e268da7b40f56e3eca571508a7e567e794f9bfcc0f412c4b607931d3af9c4afe", size = 10320697 },
    { url = "https://files.pythonhosted.org/packages/b9/fe/00c78010e3332a6e92762424cf4c1919065707e962232797d0b57fd8267e/ruff-0.11.5-py3-none-win_amd64.whl", hash = "sha256:6c6dc38af3cfe2863213ea25b6dc616d679205732dc0fb673356c2d69608f800", size = 11378665 },
    { url = "https://files.pythonhosted.org/packages/43/7c/c83fe5cbb70ff017612ff36654edfebec4b1ef79b558b8e5fd933bab836b/ruff-0.11.5-py3-none-win_arm64.whl", hash = "sha256:67e241b4314f4eacf14a601d586026a962f4002a475aa702c69980a38087aa4e", size = 10460287 },
]

[[package]]
name = "serverless"
version = "0.1.0"
source = { virtual = "." }
dependencies = [
    { name = "jinja2" },
    { name = "loguru" },
    { name = "pyyaml" },
    { name = "uv" },
]

[package.dev-dependencies]
dev = [
    { name = "pre-commit" },
    { name = "ruff" },
    { name = "types-jinja2" },
    { name = "types-pyyaml" },
]

[package.metadata]
requires-dist = [
    { name = "jinja2", specifier = ">=3.1.6" },
    { name = "loguru", specifier = ">=0.7.3" },
    { name = "pyyaml", specifier = ">=6.0.2" },
    { name = "uv", specifier = ">=0.6.14" },
]

[package.metadata.requires-dev]
dev = [
    { name = "pre-commit", specifier = ">=4.2.0" },
    { name = "ruff", specifier = ">=0.11.5" },
    { name = "types-jinja2", specifier = ">=2.11.9" },
    { name = "types-pyyaml", specifier = ">=6.0.12.20250402" },
]

[[package]]
name = "types-jinja2"
version = "2.11.9"
source = { registry = "https://pypi.org/simple" }
dependencies = [
    { name = "types-markupsafe" },
]
sdist = { url = "https://files.pythonhosted.org/packages/46/c4/b82309bfed8195de7997672deac301bd6f5bd5cbb6a3e392b7fe780d7852/types-Jinja2-2.11.9.tar.gz", hash = "sha256:dbdc74a40aba7aed520b7e4d89e8f0fe4286518494208b35123bcf084d4b8c81", size = 13302 }
wheels = [
    { url = "https://files.pythonhosted.org/packages/b7/b0/e79d84748f1d34304f13191424348a719c3febaa3493835370fe9528e1e6/types_Jinja2-2.11.9-py3-none-any.whl", hash = "sha256:60a1e21e8296979db32f9374d8a239af4cb541ff66447bb915d8ad398f9c63b2", size = 18190 },
]

[[package]]
name = "types-markupsafe"
version = "1.1.10"
source = { registry = "https://pypi.org/simple" }
sdist = { url = "https://files.pythonhosted.org/packages/39/31/b5f059142d058aec41e913d8e0eff0a967e7bc46f9a2ba2f31bc11cff059/types-MarkupSafe-1.1.10.tar.gz", hash = "sha256:85b3a872683d02aea3a5ac2a8ef590193c344092032f58457287fbf8e06711b1", size = 2986 }
wheels = [
    { url = "https://files.pythonhosted.org/packages/bc/d6/b8effb1c48539260a5eb4196afc55efac4ea1684a4991977555eb266b2ef/types_MarkupSafe-1.1.10-py3-none-any.whl", hash = "sha256:ca2bee0f4faafc45250602567ef38d533e877d2ddca13003b319c551ff5b3cc5", size = 3998 },
]

[[package]]
name = "types-pyyaml"
version = "6.0.12.20250402"
source = { registry = "https://pypi.org/simple" }
sdist = { url = "https://files.pythonhosted.org/packages/2d/68/609eed7402f87c9874af39d35942744e39646d1ea9011765ec87b01b2a3c/types_pyyaml-6.0.12.20250402.tar.gz", hash = "sha256:d7c13c3e6d335b6af4b0122a01ff1d270aba84ab96d1a1a1063ecba3e13ec075", size = 17282 }
wheels = [
    { url = "https://files.pythonhosted.org/packages/ed/56/1fe61db05685fbb512c07ea9323f06ea727125951f1eb4dff110b3311da3/types_pyyaml-6.0.12.20250402-py3-none-any.whl", hash = "sha256:652348fa9e7a203d4b0d21066dfb00760d3cbd5a15ebb7cf8d33c88a49546681", size = 20329 },
]

[[package]]
name = "uv"
version = "0.6.14"
source = { registry = "https://pypi.org/simple" }
sdist = { url = "https://files.pythonhosted.org/packages/e5/eb/07bc000a3c05372448b63c45da98630c532ec4e059d848488c3e774d017a/uv-0.6.14.tar.gz", hash = "sha256:a117466f307d164a74444949cc94ec4328ec880fb489cbaa7df324dab14c5c98", size = 3134567 }
wheels = [
    { url = "https://files.pythonhosted.org/packages/6b/bf/3e87dec7728b249458967f39a301376cb776e559c90261c1dac963686dc3/uv-0.6.14-py3-none-linux_armv6l.whl", hash = "sha256:c775e5d7a80ff43cb88856bbdcd838918d5ac3dc362414317e6bbaeb615fff98", size = 16228143 },
    { url = "https://files.pythonhosted.org/packages/24/b2/111e1ea40453d93c849f36a67397b51d9b458e6e598c3629ffe76d11b490/uv-0.6.14-py3-none-macosx_10_12_x86_64.whl", hash = "sha256:2578f6f8cdbcc036ffad1043f9f66ade3ac0babf29def6abd9eefd4a7c6621cb", size = 16273279 },
    { url = "https://files.pythonhosted.org/packages/72/89/e7fc8a047f08234cc26d1e37e5f573887744205d087f8e8e6f3d0feb04ce/uv-0.6.14-py3-none-macosx_11_0_arm64.whl", hash = "sha256:9fc8fe58871b4fe02a863b05b8b1b25ef1b6c60d4d224e85338f5c2be0ab4f0e", size = 15115451 },
    { url = "https://files.pythonhosted.org/packages/20/1e/72ac3d1e0805d3b49b0a4de46483489ea1989827440f42b0cfb444cdc67f/uv-0.6.14-py3-none-manylinux_2_17_aarch64.manylinux2014_aarch64.musllinux_1_1_aarch64.whl", hash = "sha256:2fb2cd7f6aae21b81474b0051d30e7ed939a9a71714948c47f58b0e7acdd2a80", size = 15540456 },
    { url = "https://files.pythonhosted.org/packages/fd/47/5aeb7fb80c673bc28ccf3ab99e376b1cd92eac41af6b9b48c0e38b114c54/uv-0.6.14-py3-none-manylinux_2_17_armv7l.manylinux2014_armv7l.whl", hash = "sha256:d6ca3f99c1a6c1c430ae8f451133fb4e8c3a22f661c257425402a5d9430bb797", size = 15979820 },
    { url = "https://files.pythonhosted.org/packages/1f/44/c3ad856473f2ef5f22c865a73a0a37ee82d11fcca78ae82f5ac895a7023a/uv-0.6.14-py3-none-manylinux_2_17_i686.manylinux2014_i686.whl", hash = "sha256:ed41877b679e0a1af9ab65427d829b87a81b499017e59c70756d4ba02ca43fcb", size = 16650494 },
    { url = "https://files.pythonhosted.org/packages/7a/f6/8a1245530c282d470909db78cf56831693c58b90d9b819e35aa2d85fbbe8/uv-0.6.14-py3-none-manylinux_2_17_ppc64.manylinux2014_ppc64.whl", hash = "sha256:fe9b4361b1c8055301b715fdd94d94eb512053dc4545fec40d3fe3657f655987", size = 17505028 },
    { url = "https://files.pythonhosted.org/packages/a5/70/0806268440651e2ad1b3542af42b800e20bb7e43050a9ca78f3d1eb4c660/uv-0.6.14-py3-none-manylinux_2_17_ppc64le.manylinux2014_ppc64le.whl", hash = "sha256:998b67bb1cebbe044fc2c5cb251c29cffc56f62a6d55719d6f4e960461d6edad", size = 17245854 },
    { url = "https://files.pythonhosted.org/packages/2a/3a/0da9780868626466d8c4977fb02d1b0daa80e6f7504d7b662cae3fb4af3d/uv-0.6.14-py3-none-manylinux_2_17_s390x.manylinux2014_s390x.whl", hash = "sha256:6d433925db6e2ef46047b68962d136ff2ef17a7b5609168615f19e60674232c9", size = 21584756 },
    { url = "https://files.pythonhosted.org/packages/eb/fd/21a82b78173be1a2ea20f4f55154e7252bd80d21ed60b9bbbc0e2047b8d0/uv-0.6.14-py3-none-manylinux_2_17_x86_64.manylinux2014_x86_64.whl", hash = "sha256:36aaeb00a70a10f748e16c7a1fc410862e2ba905806e7e9dfbc3e64596309404", size = 16878847 },
    { url = "https://files.pythonhosted.org/packages/6c/9a/7c84650ae9fb801ecc848d49dcba201243989d9234fe3ec4a4e935ff21c0/uv-0.6.14-py3-none-manylinux_2_28_aarch64.whl", hash = "sha256:11779beb3bd1f92814bc8d8cd350d5228e8f9198cca2f52138b53030a4061d93", size = 15810089 },
    { url = "https://files.pythonhosted.org/packages/0b/b3/efcbd3a2d298801109b24feee655bb80fe4178aa6bf68e49664c48b342b2/uv-0.6.14-py3-none-musllinux_1_1_armv7l.whl", hash = "sha256:bf1ec103cf9a0850f03935dc6a93cacc680fa2c90c3b41cfc10da311afab8f5b", size = 15962056 },
    { url = "https://files.pythonhosted.org/packages/3f/53/c92c894cb34e9578c2e6dc195bcd4eb0a140dd57c96a60207d847521a902/uv-0.6.14-py3-none-musllinux_1_1_i686.whl", hash = "sha256:955e36c98a438a249e178988d4f13b1bb831eb57264d73c459f171b5afd7b023", size = 16255226 },
    { url = "https://files.pythonhosted.org/packages/df/eb/38bc37856691d53008bf094d03d9e7ab0c2927523a3901c83e152e7c9915/uv-0.6.14-py3-none-musllinux_1_1_x86_64.whl", hash = "sha256:2d534e7dc1299c8b53eb7b4c7575e4f0933673ea8b1275d3f3022f5670e311db", size = 17005225 },
    { url = "https://files.pythonhosted.org/packages/d8/fe/087d5193603e16bc5f67556d94cf8fa8634785c5863cccdec825f14e9a4c/uv-0.6.14-py3-none-win32.whl", hash = "sha256:7cdf3c8d927b07d4eaffc44809eb57523d449705f10dabbdd6f34f7bdfc7d5fe", size = 16131231 },
    { url = "https://files.pythonhosted.org/packages/40/17/33c5c1503c35c874932d4a21ec10a55051e3695dba12b7de700bcfad0cca/uv-0.6.14-py3-none-win_amd64.whl", hash = "sha256:012f46bef6909209c4a6749e4019eb755ba762d37d7ceaaf76da9cb4b7f771e9", size = 17628508 },
    { url = "https://files.pythonhosted.org/packages/77/09/163062d439ddc0d89e527ae0e631abf1f7781b183442d8823c48af368f5d/uv-0.6.14-py3-none-win_arm64.whl", hash = "sha256:7465081b4d0b213d0055ccb48de7fe546b5cf0853c6d3601115760760634f6d8", size = 16387232 },
]

[[package]]
name = "virtualenv"
version = "20.30.0"
source = { registry = "https://pypi.org/simple" }
dependencies = [
    { name = "distlib" },
    { name = "filelock" },
    { name = "platformdirs" },
]
sdist = { url = "https://files.pythonhosted.org/packages/38/e0/633e369b91bbc664df47dcb5454b6c7cf441e8f5b9d0c250ce9f0546401e/virtualenv-20.30.0.tar.gz", hash = "sha256:800863162bcaa5450a6e4d721049730e7f2dae07720e0902b0e4040bd6f9ada8", size = 4346945 }
wheels = [
    { url = "https://files.pythonhosted.org/packages/4c/ed/3cfeb48175f0671ec430ede81f628f9fb2b1084c9064ca67ebe8c0ed6a05/virtualenv-20.30.0-py3-none-any.whl", hash = "sha256:e34302959180fca3af42d1800df014b35019490b119eba981af27f2fa486e5d6", size = 4329461 },
]

[[package]]
name = "win32-setctime"
version = "1.2.0"
source = { registry = "https://pypi.org/simple" }
sdist = { url = "https://files.pythonhosted.org/packages/b3/8f/705086c9d734d3b663af0e9bb3d4de6578d08f46b1b101c2442fd9aecaa2/win32_setctime-1.2.0.tar.gz", hash = "sha256:ae1fdf948f5640aae05c511ade119313fb6a30d7eabe25fef9764dca5873c4c0", size = 4867 }
wheels = [
    { url = "https://files.pythonhosted.org/packages/e1/07/c6fe3ad3e685340704d314d765b7912993bcb8dc198f0e7a89382d37974b/win32_setctime-1.2.0-py3-none-any.whl", hash = "sha256:95d644c4e708aba81dc3704a116d8cbc974d70b3bdb8be1d150e36be6e9d1390", size = 4083 },
]
